
Microsoft Visual Studio Solution File, Format Version 12.00
# Visual Studio 15
VisualStudioVersion = 15.0.28010.2036
MinimumVisualStudioVersion = 10.0.40219.1
Project("{FAE04EC0-301F-11D3-BF4B-00C04F79EFBC}") = "ALG_LES_7", "ALG_LES_7\ALG_LES_7.csproj", "{31176D60-87BD-4EE9-9560-A3DE14126BE6}"
EndProject
Global
	GlobalSection(SolutionConfigurationPlatforms) = preSolution
		Debug|Any CPU = Debug|Any CPU
		Release|Any CPU = Release|Any CPU
	EndGlobalSection
	GlobalSection(ProjectConfigurationPlatforms) = postSolution
		{31176D60-87BD-4EE9-9560-A3DE14126BE6}.Debug|Any CPU.ActiveCfg = Debug|Any CPU
		{31176D60-87BD-4EE9-9560-A3DE14126BE6}.Debug|Any CPU.Build.0 = Debug|Any CPU
		{31176D60-87BD-4EE9-9560-A3DE14126BE6}.Release|Any CPU.ActiveCfg = Release|Any CPU
		{31176D60-87BD-4EE9-9560-A3DE14126BE6}.Release|Any CPU.Build.0 = Release|Any CPU
	EndGlobalSection
	GlobalSection(SolutionProperties) = preSolution
		HideSolutionNode = FALSE
	EndGlobalSection
	GlobalSection(ExtensibilityGlobals) = postSolution
		SolutionGuid = {51B7A356-0B47-45B6-AA22-E358E8BFBC42}
	EndGlobalSection
EndGlobal
